
Microsoft Visual Studio Solution File, Format Version 12.00
# Visual Studio Version 17
VisualStudioVersion = 17.14.36915.13 d17.14
MinimumVisualStudioVersion = 10.0.40219.1
Project("{FAE04EC0-301F-11D3-BF4B-00C04F79EFBC}") = "Payment-gateway", "Payment-gateway.csproj", "{DADA2E0A-EBAE-41CF-8338-0394C10719FB}"
EndProject
Global
	GlobalSection(SolutionConfigurationPlatforms) = preSolution
		Debug|Any CPU = Debug|Any CPU
		Release|Any CPU = Release|Any CPU
	EndGlobalSection
	GlobalSection(ProjectConfigurationPlatforms) = postSolution
		{DADA2E0A-EBAE-41CF-8338-0394C10719FB}.Debug|Any CPU.ActiveCfg = Debug|Any CPU
		{DADA2E0A-EBAE-41CF-8338-0394C10719FB}.Debug|Any CPU.Build.0 = Debug|Any CPU
		{DADA2E0A-EBAE-41CF-8338-0394C10719FB}.Release|Any CPU.ActiveCfg = Release|Any CPU
		{DADA2E0A-EBAE-41CF-8338-0394C10719FB}.Release|Any CPU.Build.0 = Release|Any CPU
	EndGlobalSection
	GlobalSection(SolutionProperties) = preSolution
		HideSolutionNode = FALSE
	EndGlobalSection
	GlobalSection(ExtensibilityGlobals) = postSolution
		SolutionGuid = {70F60A21-74FA-447B-8AE0-E950C63F6C53}
	EndGlobalSection
EndGlobal
